{
  "projects": [
    {
      "projectId": "gLnoj82AzKVVT7qXiqAbHD",
      "version": "2.19.0",
      "dependencies": {},
      "lang": "ts",
      "fileLocks": [
        {
          "assetId": "gLnoj82AzKVVT7qXiqAbHD",
          "type": "projectCss",
          "checksum": "fd97b5780f8a68a1561c8818e6d31f40"
        },
        {
          "assetId": "gLnoj82AzKVVT7qXiqAbHD",
          "checksum": "de3a11139ed902846dc8fc622ecb67ee",
          "type": "projectModule"
        },
        {
          "assetId": "gLnoj82AzKVVT7qXiqAbHD",
          "checksum": "cf61b2894d3474cabc8451d948b581b6",
          "type": "styleTokensProvider"
        },
        {
          "type": "renderModule",
          "assetId": "lBHNzts6tFyj",
          "checksum": "68affc0a45038d9495c328d0c69763a1"
        },
        {
          "type": "cssRules",
          "assetId": "lBHNzts6tFyj",
          "checksum": "68affc0a45038d9495c328d0c69763a1"
        },
        {
          "type": "icon",
          "assetId": "zq2s7N0xWucT",
          "checksum": "bd85295cedaeac0de29b4aa0716fc5ad"
        },
        {
          "type": "icon",
          "assetId": "8K40faRNhuCj",
          "checksum": "d2e49d902b3cffb3c7e3d761d5f3f5af"
        }
      ],
      "codegenVersion": "0.0.2"
    },
    {
      "projectId": "84wxoth5npGrp6RRXPL88z",
      "version": "4.35.0",
      "dependencies": {},
      "lang": "ts",
      "fileLocks": [
        {
          "assetId": "84wxoth5npGrp6RRXPL88z",
          "type": "projectCss",
          "checksum": "f2a1a678bf448486f51370156b4f3b71"
        },
        {
          "assetId": "84wxoth5npGrp6RRXPL88z",
          "checksum": "8010bda5a77b9d0671d53fbbe8bdc1aa",
          "type": "globalContexts"
        },
        {
          "assetId": "84wxoth5npGrp6RRXPL88z",
          "checksum": "08122ad9084b02fdb954849c288be16d",
          "type": "projectModule"
        },
        {
          "assetId": "84wxoth5npGrp6RRXPL88z",
          "checksum": "06099f88e0ef8b9f63428eb56dd10f34",
          "type": "styleTokensProvider"
        }
      ],
      "codegenVersion": "0.0.2"
    },
    {
      "projectId": "r3ASNrnyvLLLAtDvzUioQ",
      "version": "4.13.0",
      "dependencies": {},
      "lang": "ts",
      "fileLocks": [
        {
          "assetId": "r3ASNrnyvLLLAtDvzUioQ",
          "type": "projectCss",
          "checksum": "fd97b5780f8a68a1561c8818e6d31f40"
        },
        {
          "assetId": "r3ASNrnyvLLLAtDvzUioQ",
          "checksum": "e100b8df3fdcbf40afdd96478006bbf7",
          "type": "projectModule"
        },
        {
          "assetId": "r3ASNrnyvLLLAtDvzUioQ",
          "checksum": "b0181bfa3fa68f3b889da9be7d7df94f",
          "type": "styleTokensProvider"
        }
      ],
      "codegenVersion": "0.0.2"
    },
    {
      "projectId": "caTPwKxj5ZrD9LQ7DMdK4Z",
      "version": "3.45.0",
      "dependencies": {},
      "lang": "ts",
      "fileLocks": [
        {
          "assetId": "caTPwKxj5ZrD9LQ7DMdK4Z",
          "type": "projectCss",
          "checksum": "fd97b5780f8a68a1561c8818e6d31f40"
        },
        {
          "assetId": "caTPwKxj5ZrD9LQ7DMdK4Z",
          "checksum": "efdcd613ac98718578f9c563cd75fd38",
          "type": "projectModule"
        },
        {
          "assetId": "caTPwKxj5ZrD9LQ7DMdK4Z",
          "checksum": "786b5e9825dbcc9f57e650603b1b1624",
          "type": "styleTokensProvider"
        }
      ],
      "codegenVersion": "0.0.2"
    },
    {
      "projectId": "ohDidvG9XsCeFumugENU3J",
      "version": "6.34.0",
      "dependencies": {},
      "lang": "ts",
      "fileLocks": [
        {
          "assetId": "ohDidvG9XsCeFumugENU3J",
          "type": "projectCss",
          "checksum": "90d914ab6827da8f06873ac8ab81cbfa"
        },
        {
          "assetId": "ohDidvG9XsCeFumugENU3J",
          "checksum": "f35a7050af9ad27b5adac4d101d88037",
          "type": "globalContexts"
        },
        {
          "assetId": "ohDidvG9XsCeFumugENU3J",
          "checksum": "c425737058d1ac29382a23e54666cb69",
          "type": "projectModule"
        },
        {
          "assetId": "ohDidvG9XsCeFumugENU3J",
          "checksum": "220d8db3ee1a6eca080affb2e5d2e314",
          "type": "styleTokensProvider"
        }
      ],
      "codegenVersion": "0.0.2"
    },
    {
      "projectId": "gmeH6XgPaBtkt51HunAo4g",
      "version": "18.25.0",
      "dependencies": {},
      "lang": "ts",
      "fileLocks": [
        {
          "assetId": "gmeH6XgPaBtkt51HunAo4g",
          "type": "projectCss",
          "checksum": "fd97b5780f8a68a1561c8818e6d31f40"
        },
        {
          "assetId": "gmeH6XgPaBtkt51HunAo4g",
          "checksum": "b257914c183ee7b8f06149f466106930",
          "type": "projectModule"
        },
        {
          "assetId": "gmeH6XgPaBtkt51HunAo4g",
          "checksum": "2761cb86563caae329d2f632cfefa8f5",
          "type": "styleTokensProvider"
        }
      ],
      "codegenVersion": "0.0.2"
    },
    {
      "projectId": "vEU7LntD2rfdBHtDX5FyyK",
      "version": "latest",
      "dependencies": {
        "gmeH6XgPaBtkt51HunAo4g": "18.25.0",
        "ohDidvG9XsCeFumugENU3J": "6.34.0",
        "caTPwKxj5ZrD9LQ7DMdK4Z": "3.45.0",
        "r3ASNrnyvLLLAtDvzUioQ": "4.13.0",
        "84wxoth5npGrp6RRXPL88z": "4.35.0",
        "gLnoj82AzKVVT7qXiqAbHD": "2.19.0"
      },
      "lang": "ts",
      "fileLocks": [
        {
          "type": "globalVariant",
          "assetId": "wAhdbqxTi9Jh",
          "checksum": "cd337aecebd7ec863c92481cdfb48510"
        },
        {
          "type": "globalVariant",
          "assetId": "GsMvHMTe0oy_",
          "checksum": "03bdaa00fe39c0652bc5e23bf765a128"
        },
        {
          "assetId": "vEU7LntD2rfdBHtDX5FyyK",
          "checksum": "c8905239454daf95df5146c8569ea928",
          "type": "globalContexts"
        },
        {
          "assetId": "vEU7LntD2rfdBHtDX5FyyK",
          "checksum": "eab40f5205518fe0d54524e5d3e70726",
          "type": "projectModule"
        },
        {
          "assetId": "vEU7LntD2rfdBHtDX5FyyK",
          "checksum": "10df6f5a446715c2f03fcc837bf23f0f",
          "type": "styleTokensProvider"
        },
        {
          "type": "renderModule",
          "assetId": "7EsqccNyFGP0",
          "checksum": "eaac1cf0a4be09c412d50fefc2c35d93"
        },
        {
          "type": "cssRules",
          "assetId": "7EsqccNyFGP0",
          "checksum": "eaac1cf0a4be09c412d50fefc2c35d93"
        },
        {
          "type": "renderModule",
          "assetId": "-BmQBNQ8nLWc",
          "checksum": "1359678fd55eef44e1411d700ce1abe0"
        },
        {
          "type": "cssRules",
          "assetId": "-BmQBNQ8nLWc",
          "checksum": "1359678fd55eef44e1411d700ce1abe0"
        },
        {
          "type": "renderModule",
          "assetId": "zUXUcRMuH6zq",
          "checksum": "95b79056c4970871adf6d5739f4a081d"
        },
        {
          "type": "cssRules",
          "assetId": "zUXUcRMuH6zq",
          "checksum": "95b79056c4970871adf6d5739f4a081d"
        },
        {
          "type": "renderModule",
          "assetId": "Yhtrs6aV_zFG",
          "checksum": "fb8cc7f856f4ea2dee90228493a19281"
        },
        {
          "type": "cssRules",
          "assetId": "Yhtrs6aV_zFG",
          "checksum": "fb8cc7f856f4ea2dee90228493a19281"
        },
        {
          "type": "renderModule",
          "assetId": "lKv83nDh19-V",
          "checksum": "f77bbcac5c7f24cb62fb76d0f564dbc1"
        },
        {
          "type": "cssRules",
          "assetId": "lKv83nDh19-V",
          "checksum": "f77bbcac5c7f24cb62fb76d0f564dbc1"
        },
        {
          "type": "renderModule",
          "assetId": "sdfK96wbM7GJ",
          "checksum": "b41e8c96b14305e785f36920ce5b388c"
        },
        {
          "type": "cssRules",
          "assetId": "sdfK96wbM7GJ",
          "checksum": "b41e8c96b14305e785f36920ce5b388c"
        },
        {
          "type": "renderModule",
          "assetId": "h2C6ls3UH7i8",
          "checksum": "16876147257218ee7eb7e707655c6eef"
        },
        {
          "type": "cssRules",
          "assetId": "h2C6ls3UH7i8",
          "checksum": "16876147257218ee7eb7e707655c6eef"
        },
        {
          "type": "renderModule",
          "assetId": "sEGIcpRlDh9J",
          "checksum": "6cec3ca7730f4aa5fbeff8d7720771e5"
        },
        {
          "type": "cssRules",
          "assetId": "sEGIcpRlDh9J",
          "checksum": "6cec3ca7730f4aa5fbeff8d7720771e5"
        },
        {
          "type": "renderModule",
          "assetId": "43qlNmcMG-_7",
          "checksum": "d1cc348a32baec7cf4ab12a525f8a4c7"
        },
        {
          "type": "cssRules",
          "assetId": "43qlNmcMG-_7",
          "checksum": "d1cc348a32baec7cf4ab12a525f8a4c7"
        },
        {
          "type": "renderModule",
          "assetId": "1j-6x005Ca9B",
          "checksum": "e7f68640d6fe018616043c70510e37c0"
        },
        {
          "type": "cssRules",
          "assetId": "1j-6x005Ca9B",
          "checksum": "e7f68640d6fe018616043c70510e37c0"
        },
        {
          "type": "renderModule",
          "assetId": "kt8U1LS5Krmj",
          "checksum": "86acd9ef460c29819f0d94ab4e4a1610"
        },
        {
          "type": "cssRules",
          "assetId": "kt8U1LS5Krmj",
          "checksum": "86acd9ef460c29819f0d94ab4e4a1610"
        },
        {
          "type": "renderModule",
          "assetId": "OqNqhK5S7yUz",
          "checksum": "7f425a3d22c5199c05736e1dd95c87be"
        },
        {
          "type": "cssRules",
          "assetId": "OqNqhK5S7yUz",
          "checksum": "7f425a3d22c5199c05736e1dd95c87be"
        },
        {
          "type": "renderModule",
          "assetId": "QYyTgNYr5lMz",
          "checksum": "1846cc010bff646d22306ddab46221f5"
        },
        {
          "type": "cssRules",
          "assetId": "QYyTgNYr5lMz",
          "checksum": "1846cc010bff646d22306ddab46221f5"
        },
        {
          "type": "renderModule",
          "assetId": "fLtJ9E7qUmNC",
          "checksum": "10b5148181ebbbdef2dd01ad0c54598f"
        },
        {
          "type": "cssRules",
          "assetId": "fLtJ9E7qUmNC",
          "checksum": "10b5148181ebbbdef2dd01ad0c54598f"
        },
        {
          "type": "renderModule",
          "assetId": "mfHNE4bO_GSv",
          "checksum": "3752364eaf548467cc51e778d4c24da8"
        },
        {
          "type": "cssRules",
          "assetId": "mfHNE4bO_GSv",
          "checksum": "3752364eaf548467cc51e778d4c24da8"
        },
        {
          "type": "renderModule",
          "assetId": "9PwqFeR-9J-E",
          "checksum": "f34f2992e77e3a4719eb0643ac7a548a"
        },
        {
          "type": "cssRules",
          "assetId": "9PwqFeR-9J-E",
          "checksum": "f34f2992e77e3a4719eb0643ac7a548a"
        },
        {
          "type": "renderModule",
          "assetId": "ZbDSxT6t5tDp",
          "checksum": "392769998b65fc34c56151fb26ff6d87"
        },
        {
          "type": "cssRules",
          "assetId": "ZbDSxT6t5tDp",
          "checksum": "392769998b65fc34c56151fb26ff6d87"
        },
        {
          "type": "renderModule",
          "assetId": "mQkrtvDi894X",
          "checksum": "11b2cc5d2c6a1034dc1682940dd949c3"
        },
        {
          "type": "cssRules",
          "assetId": "mQkrtvDi894X",
          "checksum": "11b2cc5d2c6a1034dc1682940dd949c3"
        },
        {
          "type": "renderModule",
          "assetId": "065BO1JJJI1f",
          "checksum": "c9c19c60eeacf6eb0cbd74290fb0dc00"
        },
        {
          "type": "cssRules",
          "assetId": "065BO1JJJI1f",
          "checksum": "c9c19c60eeacf6eb0cbd74290fb0dc00"
        },
        {
          "type": "renderModule",
          "assetId": "tn0m7BktVF7t",
          "checksum": "5c59a3162f1e5b83fbe76ef0bf0cdc53"
        },
        {
          "type": "cssRules",
          "assetId": "tn0m7BktVF7t",
          "checksum": "5c59a3162f1e5b83fbe76ef0bf0cdc53"
        },
        {
          "type": "renderModule",
          "assetId": "eRL10N7Swha-",
          "checksum": "b205944b7ecc58323959419f311ae072"
        },
        {
          "type": "cssRules",
          "assetId": "eRL10N7Swha-",
          "checksum": "b205944b7ecc58323959419f311ae072"
        },
        {
          "type": "renderModule",
          "assetId": "sz9-cyeURsNa",
          "checksum": "ebdb4f7fc5efc066fa9f9c5125f07c18"
        },
        {
          "type": "cssRules",
          "assetId": "sz9-cyeURsNa",
          "checksum": "ebdb4f7fc5efc066fa9f9c5125f07c18"
        },
        {
          "type": "renderModule",
          "assetId": "VCdGH-2ew8bj",
          "checksum": "43521bb10cd94390b126c0d9a28c8429"
        },
        {
          "type": "cssRules",
          "assetId": "VCdGH-2ew8bj",
          "checksum": "43521bb10cd94390b126c0d9a28c8429"
        },
        {
          "type": "renderModule",
          "assetId": "Ee_1C2OkYdIE",
          "checksum": "42f8795fb2a3eff52bb947b6c09f4784"
        },
        {
          "type": "cssRules",
          "assetId": "Ee_1C2OkYdIE",
          "checksum": "42f8795fb2a3eff52bb947b6c09f4784"
        },
        {
          "type": "renderModule",
          "assetId": "XuZtFzAKRNbB",
          "checksum": "2dd3e3da1b9dc788e5223e00985c1267"
        },
        {
          "type": "cssRules",
          "assetId": "XuZtFzAKRNbB",
          "checksum": "2dd3e3da1b9dc788e5223e00985c1267"
        },
        {
          "type": "renderModule",
          "assetId": "zvFe1Nnmkbls",
          "checksum": "c53b669c2f60154f5758ede3244e0fc6"
        },
        {
          "type": "cssRules",
          "assetId": "zvFe1Nnmkbls",
          "checksum": "c53b669c2f60154f5758ede3244e0fc6"
        },
        {
          "type": "renderModule",
          "assetId": "o5uBIDbWxhu0",
          "checksum": "63f4cb92fc5a1a8c129ecfd14f7f0748"
        },
        {
          "type": "cssRules",
          "assetId": "o5uBIDbWxhu0",
          "checksum": "63f4cb92fc5a1a8c129ecfd14f7f0748"
        },
        {
          "type": "renderModule",
          "assetId": "7JaZfOaVUXpe",
          "checksum": "2cd7297d490035d01cf1822b063367d0"
        },
        {
          "type": "cssRules",
          "assetId": "7JaZfOaVUXpe",
          "checksum": "2cd7297d490035d01cf1822b063367d0"
        },
        {
          "type": "renderModule",
          "assetId": "cyFbMxbOlWxy",
          "checksum": "dc4e3fbdbebb9cdc4f55f6fb27058d36"
        },
        {
          "type": "cssRules",
          "assetId": "cyFbMxbOlWxy",
          "checksum": "dc4e3fbdbebb9cdc4f55f6fb27058d36"
        },
        {
          "type": "renderModule",
          "assetId": "mwl6IqeUjC4O",
          "checksum": "9a572c76a6e2aaa35f404ddff44dbe23"
        },
        {
          "type": "cssRules",
          "assetId": "mwl6IqeUjC4O",
          "checksum": "9a572c76a6e2aaa35f404ddff44dbe23"
        },
        {
          "type": "renderModule",
          "assetId": "_jVSQg-qMKkI",
          "checksum": "fcf2f661ceb76225e87ec4fbe779d721"
        },
        {
          "type": "cssRules",
          "assetId": "_jVSQg-qMKkI",
          "checksum": "fcf2f661ceb76225e87ec4fbe779d721"
        },
        {
          "type": "renderModule",
          "assetId": "G6oqnNLDCk9Z",
          "checksum": "4e0711fe3fe4c4eeea443d4987d4f7fe"
        },
        {
          "type": "cssRules",
          "assetId": "G6oqnNLDCk9Z",
          "checksum": "4e0711fe3fe4c4eeea443d4987d4f7fe"
        },
        {
          "type": "renderModule",
          "assetId": "yrntQ6y5GLv9",
          "checksum": "e01a67905a431a7c12c2c2c9bd8b4113"
        },
        {
          "type": "cssRules",
          "assetId": "yrntQ6y5GLv9",
          "checksum": "e01a67905a431a7c12c2c2c9bd8b4113"
        },
        {
          "type": "renderModule",
          "assetId": "lhD3uLBTxK7T",
          "checksum": "b6dcc28dc1d380e7c8105722ec813e8b"
        },
        {
          "type": "cssRules",
          "assetId": "lhD3uLBTxK7T",
          "checksum": "b6dcc28dc1d380e7c8105722ec813e8b"
        },
        {
          "type": "renderModule",
          "assetId": "DyScncWsmAWI",
          "checksum": "18b2e5f7e3fadb142c23f4c07937f6c5"
        },
        {
          "type": "cssRules",
          "assetId": "DyScncWsmAWI",
          "checksum": "18b2e5f7e3fadb142c23f4c07937f6c5"
        },
        {
          "type": "renderModule",
          "assetId": "jTI1Xol278IT",
          "checksum": "7a51d9342ad8bb27d7ea4baf6c96c5ca"
        },
        {
          "type": "cssRules",
          "assetId": "jTI1Xol278IT",
          "checksum": "7a51d9342ad8bb27d7ea4baf6c96c5ca"
        },
        {
          "type": "renderModule",
          "assetId": "tfiywmxbHZxm",
          "checksum": "ded7d422bc85ed7532c3c26afceef226"
        },
        {
          "type": "cssRules",
          "assetId": "tfiywmxbHZxm",
          "checksum": "ded7d422bc85ed7532c3c26afceef226"
        },
        {
          "type": "renderModule",
          "assetId": "a1dxSBJ94M_7",
          "checksum": "784d1c63f479d50ea2be27916747a154"
        },
        {
          "type": "cssRules",
          "assetId": "a1dxSBJ94M_7",
          "checksum": "784d1c63f479d50ea2be27916747a154"
        },
        {
          "type": "icon",
          "assetId": "WuGj70rgRj31",
          "checksum": "0a552847c4c39ba93d317a224843679b"
        },
        {
          "type": "icon",
          "assetId": "h9HvD5nOmokL",
          "checksum": "2d506cc8a2eaa39118e2841fedbe826b"
        },
        {
          "type": "icon",
          "assetId": "KjpbqP4yeU7m",
          "checksum": "a7147d331eac10d118ce80abdd901455"
        },
        {
          "type": "icon",
          "assetId": "4ig74-v9QSfI",
          "checksum": "ab595f7affcab1c8703a2c0d8fd0cc49"
        },
        {
          "type": "icon",
          "assetId": "mLngYgEygRlJ",
          "checksum": "186242f2d31776033bae204d4add7743"
        },
        {
          "type": "icon",
          "assetId": "43RnPL5rExAl",
          "checksum": "5857094401a5f4d1f5c01308d19a399d"
        },
        {
          "type": "icon",
          "assetId": "Sn-RRkEL-IoM",
          "checksum": "aafcfd9b785cfd018393601563a54990"
        },
        {
          "type": "icon",
          "assetId": "NHevxOQfk5Sl",
          "checksum": "419b6ca7507ff7fe9d0335c1fb561aa4"
        },
        {
          "type": "icon",
          "assetId": "6jQol7xAjhp0",
          "checksum": "d569b20fefb3addd7e48acf5a758fc86"
        },
        {
          "type": "icon",
          "assetId": "gEW2vNY3gNvR",
          "checksum": "5cee8f1726035ffc1f4e6663446e7594"
        },
        {
          "type": "icon",
          "assetId": "SK3QgjQMnF9I",
          "checksum": "217a8d9b80913cb8d9d710062d5baaad"
        },
        {
          "type": "icon",
          "assetId": "u3a6ueIBa5vp",
          "checksum": "3c15f0ec68b79e9bc05a4013d097bc34"
        },
        {
          "type": "icon",
          "assetId": "q_Y7TzvNLkVF",
          "checksum": "0a80375ace3b41a87322eb3df9fd4d6a"
        },
        {
          "type": "icon",
          "assetId": "ldT5EAHbAQEA",
          "checksum": "eeb11ce9f08a948088a9a4a6a93536ba"
        },
        {
          "type": "icon",
          "assetId": "ySSdi2I2TNwk",
          "checksum": "ba95662defe86fb0085fd4d43851c439"
        },
        {
          "type": "icon",
          "assetId": "EyXE36492n3g",
          "checksum": "5dd08fea67283650313e57b5f13fa003"
        },
        {
          "type": "icon",
          "assetId": "CPTqv3912g0F",
          "checksum": "b3184b385a9b50bda59527231e1065fc"
        },
        {
          "type": "icon",
          "assetId": "RV9gb3oAKBcE",
          "checksum": "f347f907908152c69dd3233c1dd6d932"
        },
        {
          "type": "icon",
          "assetId": "ft0TW_03C8R0",
          "checksum": "b931b6b5d994e4ffd41e52f49f679ccc"
        },
        {
          "type": "icon",
          "assetId": "iQ5-jHFRIOSF",
          "checksum": "a59180d8343a4dab8842435c27fe8afc"
        },
        {
          "type": "icon",
          "assetId": "jTHpb7AVDAK-",
          "checksum": "5b9d9e7fb9abcde07f2def5810a7227e"
        },
        {
          "type": "icon",
          "assetId": "STC1naLi4t8i",
          "checksum": "a6ecc5762e369f6997581d5448a595bb"
        },
        {
          "type": "icon",
          "assetId": "hx8-qpK3PWPp",
          "checksum": "ffabca1a8470d45314cbf2ebeafa44f3"
        },
        {
          "type": "icon",
          "assetId": "xrF4i9eDeUv1",
          "checksum": "27168b1dd6d8228b6eab51e5a24dc90a"
        },
        {
          "type": "icon",
          "assetId": "wrOn7UBr3fGX",
          "checksum": "3d951749594af3971272817c001bfc29"
        },
        {
          "type": "icon",
          "assetId": "HmenRmENqcZh",
          "checksum": "c73f6956647f0909d12d3a69895d0d02"
        },
        {
          "type": "icon",
          "assetId": "X_w8yXROy41U",
          "checksum": "31c6e34867306092cfcc2f3be14ca02a"
        },
        {
          "type": "icon",
          "assetId": "HJyYzILkyHHI",
          "checksum": "63e7be1c0b575d8a5a009be8b78f2d49"
        },
        {
          "type": "icon",
          "assetId": "1_VWTJWM-1hh",
          "checksum": "5488e6ead1c611f8906b004e4f558824"
        },
        {
          "type": "icon",
          "assetId": "usKkWV7dA3im",
          "checksum": "b4a5f4663b7db5777e372be60ba2d9f3"
        },
        {
          "type": "icon",
          "assetId": "8W3CHAgxHM_l",
          "checksum": "6354593a70da524677b7afc8cbc7a484"
        },
        {
          "type": "icon",
          "assetId": "jQqmsASSB4Kn",
          "checksum": "94f915f05768a530c8d123c85010a09b"
        },
        {
          "type": "icon",
          "assetId": "gZoT9zcfkh9L",
          "checksum": "ec9c277ba805350b80e1ed33b142b1e6"
        },
        {
          "type": "icon",
          "assetId": "x8o7-0o6jTbJ",
          "checksum": "df67f1b792269a21f70dca5c436ee6c9"
        },
        {
          "type": "image",
          "assetId": "tXNc4X_RINpA",
          "checksum": "db79da49782cf85e8a802ba622184abb"
        },
        {
          "type": "image",
          "assetId": "pF6qPnBGt1QN",
          "checksum": "5c039a8f5606d3fba1d5ec0f6732b102"
        },
        {
          "type": "image",
          "assetId": "Llt8Xb9UxImg",
          "checksum": "9b9fae4fd7ae9452017be45bdbf39c21"
        },
        {
          "type": "image",
          "assetId": "Ww3NSEUKSjDd",
          "checksum": "0c0c4a4321480b721399e1258dfac476"
        },
        {
          "type": "image",
          "assetId": "wCTGkiLg4kR0",
          "checksum": "cf7440b2d55a2f0676b5d85bddd8a396"
        },
        {
          "type": "image",
          "assetId": "K6334IV4D7_L",
          "checksum": "127a25c661065a56af3b4970e2441ace"
        },
        {
          "type": "image",
          "assetId": "7q0p9sKJvaJW",
          "checksum": "8172eb6fefe053fae3ab57600f5f2760"
        },
        {
          "type": "image",
          "assetId": "90VEFOpxegn0",
          "checksum": "49ed4ef8213909dd29ec00e583b85e22"
        },
        {
          "type": "image",
          "assetId": "5RQ4oSyUP8GB",
          "checksum": "2fe9222dcc903536da85e9ac08cae239"
        },
        {
          "type": "image",
          "assetId": "suYpGwc4WFzk",
          "checksum": "024962f73c807ebba0534dc512d94747"
        },
        {
          "type": "image",
          "assetId": "ZvyKREPOtPHL",
          "checksum": "7dd1af1bbae8ddce64a7566599079c31"
        },
        {
          "type": "image",
          "assetId": "54ovRzbGTtT_",
          "checksum": "908cf031fbbcda6368b40ef9ab0284ee"
        },
        {
          "type": "image",
          "assetId": "FJEPQhQFe2hG",
          "checksum": "80ba6a7e6692c499b41f6042dc858436"
        },
        {
          "type": "image",
          "assetId": "QbWq0EiyVRzI",
          "checksum": "90674e9968fcf52d704a097dc758c16d"
        },
        {
          "type": "image",
          "assetId": "ggWMySh4QPZ1",
          "checksum": "7e20e34892a7f0fc3940bf38ca012957"
        },
        {
          "type": "image",
          "assetId": "uMIY-9fwruCk",
          "checksum": "dccd4b04592ada35df5b08e9b1be06eb"
        },
        {
          "type": "image",
          "assetId": "3PlkWcuEOs-Z",
          "checksum": "237f29611d1b2a9757f94f901b6217f4"
        },
        {
          "type": "image",
          "assetId": "qI31l0-YFBFJ",
          "checksum": "a60f647eb930e909cb93dd70f1171e6b"
        },
        {
          "type": "image",
          "assetId": "B5BLyvQZsrJ-",
          "checksum": "bf58a4670dcac8982d7566439a6634c0"
        },
        {
          "type": "image",
          "assetId": "VZrzpZd1K7P0",
          "checksum": "3998e3ee294f93a21ab1e9915825f29a"
        },
        {
          "type": "image",
          "assetId": "2EDuRSnCbuLs",
          "checksum": "70c23ab6e6c3d71842a78b2d2ffaf46a"
        },
        {
          "type": "image",
          "assetId": "t8bxauA-4mMy",
          "checksum": "d4b345cb94a757c64af3d136ab9a7bf9"
        },
        {
          "type": "image",
          "assetId": "OFT61mTfRKjg",
          "checksum": "57d3648755a6e1423805ae3e27018ce3"
        },
        {
          "type": "image",
          "assetId": "5DFSAeMuCLlD",
          "checksum": "56ab1491eb8d6d007900802b27556a97"
        },
        {
          "type": "image",
          "assetId": "VSyXvC9OJzeg",
          "checksum": "c797cc6e8cf1c2a2e56998ad452d6062"
        },
        {
          "type": "image",
          "assetId": "e2zeU_2FC7ze",
          "checksum": "ac22974c06fd3e38d5634ee55efd14c8"
        },
        {
          "type": "image",
          "assetId": "U1b1_GjqceGD",
          "checksum": "77dcfa7c4c3672e21a8a3c802b072909"
        },
        {
          "type": "image",
          "assetId": "OGWZgp6a39Wx",
          "checksum": "8f7c54748948e9986a993245c6282004"
        },
        {
          "type": "image",
          "assetId": "gBpDLkS4Y9xJ",
          "checksum": "61f3e8c1001ac54e9ccbb67f9663d42a"
        },
        {
          "type": "image",
          "assetId": "trexy8gZPfP3",
          "checksum": "48923c236072b6887fb790bfe99e2d32"
        },
        {
          "type": "image",
          "assetId": "nDinB8zqNQjx",
          "checksum": "f5f9bfe1544432ed4f16aa4866fee59d"
        },
        {
          "type": "image",
          "assetId": "NHJymajBojXj",
          "checksum": "c20b1a95e86b9d2083270f5da81bd34e"
        },
        {
          "type": "image",
          "assetId": "FUzHMOawxRt-",
          "checksum": "559acb8a28377195890d5c8fa88a1a78"
        },
        {
          "type": "image",
          "assetId": "lu9DACrdoYKa",
          "checksum": "97d4f263a59d3fdf3e9ec5e5ad43cde0"
        },
        {
          "type": "image",
          "assetId": "ZjlAQBsruoxz",
          "checksum": "7477e6d0edeb1c01d62b4d7f4fc32e2b"
        },
        {
          "type": "image",
          "assetId": "XjqsjtkLGFoS",
          "checksum": "c8a8f0db19822b5315beb6ecdc73cdff"
        },
        {
          "type": "image",
          "assetId": "q4E4LHm6Elxo",
          "checksum": "71e9c4727293bbdaa64f6532e16bd61e"
        },
        {
          "type": "image",
          "assetId": "w3Vafgcidb-C",
          "checksum": "d591dead23bd0bc6f5630d01308e4693"
        },
        {
          "type": "image",
          "assetId": "YXnsaJH9WVa0",
          "checksum": "2ca7bce45e0b823c262010d9b1fd8267"
        },
        {
          "type": "image",
          "assetId": "kk-mmX11FaPG",
          "checksum": "3e14e045172a1b58803e36816489f748"
        },
        {
          "type": "image",
          "assetId": "uJR6gxmwccV7",
          "checksum": "52b64ce0a6a56e62e30db5ae91229e8b"
        },
        {
          "type": "image",
          "assetId": "p8YfHox2FbKA",
          "checksum": "eb16425da130836174d7825fdae4fc0e"
        },
        {
          "type": "image",
          "assetId": "rWlYphFmsbOI",
          "checksum": "097fb5e154c0c02fc7d0fd538c44b961"
        },
        {
          "type": "image",
          "assetId": "zNKBsVhANWJq",
          "checksum": "3c3fb5f843edc2b446a5591317244510"
        },
        {
          "type": "image",
          "assetId": "cQrIIjXJ6cnL",
          "checksum": "8bfa51edf665a95b623a653f285290ec"
        },
        {
          "type": "image",
          "assetId": "9kW6c1OHXotR",
          "checksum": "25e5e30972a80e1871e9bfc54d4799b1"
        },
        {
          "type": "image",
          "assetId": "kdB3KQsRGPfr",
          "checksum": "64ec4145645085c70faf574dd4624079"
        },
        {
          "type": "image",
          "assetId": "o4a2vNS1FSr_",
          "checksum": "c95b2ad9ea57ecb99fb4a2fe2addd701"
        },
        {
          "type": "image",
          "assetId": "ZA7wcCrn7SnK",
          "checksum": "6764c303b742a31ab35ebfa245747987"
        },
        {
          "type": "image",
          "assetId": "Iu3OgtK8JZcp",
          "checksum": "029da0cdba83444483a84b153d40906c"
        },
        {
          "type": "image",
          "assetId": "Pt_XxAQbJ3dF",
          "checksum": "2acc67490ef70585e5819e0f1f155bdc"
        },
        {
          "type": "image",
          "assetId": "3ArJ51nytFgU",
          "checksum": "e05a46fa49d6adb4f91ee316960edba1"
        },
        {
          "type": "image",
          "assetId": "dqfKz9Bx1dYY",
          "checksum": "555f807f92a8f3dcec4a339cf8099b84"
        },
        {
          "type": "image",
          "assetId": "awLmpigr0DyK",
          "checksum": "b757c1a61a0ea94ae1bf754275cf9e9f"
        },
        {
          "type": "image",
          "assetId": "loDsFtE9ClLF",
          "checksum": "c415397b0aaba0ccd67208180336b993"
        },
        {
          "type": "image",
          "assetId": "KMMEcpdkkIeF",
          "checksum": "75a8afce2ed3751d246e8032b38011fb"
        },
        {
          "type": "image",
          "assetId": "BqLe25-fUYtT",
          "checksum": "fcb39740f3b12d8ad35b7e10a84baf36"
        },
        {
          "type": "image",
          "assetId": "zTkMErHR9Nnk",
          "checksum": "c2d0d7b7e5a65aca0e66017afd18056c"
        },
        {
          "type": "image",
          "assetId": "yVU0Ma1heiYc",
          "checksum": "dba8aae58213f4fcf74094f9694930b7"
        },
        {
          "type": "image",
          "assetId": "vMuaXHbrvVRB",
          "checksum": "3336f628fb9b25ce5cf406fe6481d14b"
        },
        {
          "type": "image",
          "assetId": "tCy1RLdHq9Fx",
          "checksum": "b44c51f9ee88b6c542def6e88636d6b8"
        },
        {
          "type": "image",
          "assetId": "h9whfxnZjzSb",
          "checksum": "b76497e0bc0c41299b8d09cf2e3ac6f9"
        },
        {
          "type": "image",
          "assetId": "EosVQcF5a_CQ",
          "checksum": "fc23ed528ac46b5f6267869701ea25f3"
        },
        {
          "type": "image",
          "assetId": "dORl61jbV2-H",
          "checksum": "89d25d8b82602095c9ccb84cf1f4db1b"
        },
        {
          "type": "image",
          "assetId": "yVEgq7EsZ8_A",
          "checksum": "e30f5d1f0ee6431713be7cc1a01163d5"
        },
        {
          "assetId": "vEU7LntD2rfdBHtDX5FyyK",
          "type": "projectCss",
          "checksum": "9998cc98c94e09d52edc490e42db7aa4"
        }
      ],
      "codegenVersion": "0.0.2"
    }
  ],
  "cliVersion": "0.1.342"
}
